
Microsoft Visual Studio Solution File, Format Version 12.00
# Visual Studio Version 17
VisualStudioVersion = 17.5.33424.131
MinimumVisualStudioVersion = 10.0.40219.1
Project("{FAE04EC0-301F-11D3-BF4B-00C04F79EFBC}") = "Lesson_10", "Lesson_10.csproj", "{2C1F5A62-53BA-465A-ABBB-452FBBA4188D}"
EndProject
Global
	GlobalSection(SolutionConfigurationPlatforms) = preSolution
		Debug|Any CPU = Debug|Any CPU
		Release|Any CPU = Release|Any CPU
	EndGlobalSection
	GlobalSection(ProjectConfigurationPlatforms) = postSolution
		{2C1F5A62-53BA-465A-ABBB-452FBBA4188D}.Debug|Any CPU.ActiveCfg = Debug|Any CPU
		{2C1F5A62-53BA-465A-ABBB-452FBBA4188D}.Debug|Any CPU.Build.0 = Debug|Any CPU
		{2C1F5A62-53BA-465A-ABBB-452FBBA4188D}.Release|Any CPU.ActiveCfg = Release|Any CPU
		{2C1F5A62-53BA-465A-ABBB-452FBBA4188D}.Release|Any CPU.Build.0 = Release|Any CPU
	EndGlobalSection
	GlobalSection(SolutionProperties) = preSolution
		HideSolutionNode = FALSE
	EndGlobalSection
	GlobalSection(ExtensibilityGlobals) = postSolution
		SolutionGuid = {31C286EB-B2A7-4851-94DA-95F4759904F1}
	EndGlobalSection
EndGlobal
