
Microsoft Visual Studio Solution File, Format Version 12.00
# Visual Studio Version 17
VisualStudioVersion = 17.5.33424.131
MinimumVisualStudioVersion = 10.0.40219.1
Project("{FAE04EC0-301F-11D3-BF4B-00C04F79EFBC}") = "Lesson_2_Catalog", "Lesson_2_Catalog.csproj", "{181FC8B7-D582-4EBB-B4B7-1041F8832928}"
EndProject
Global
	GlobalSection(SolutionConfigurationPlatforms) = preSolution
		Debug|Any CPU = Debug|Any CPU
		Release|Any CPU = Release|Any CPU
	EndGlobalSection
	GlobalSection(ProjectConfigurationPlatforms) = postSolution
		{181FC8B7-D582-4EBB-B4B7-1041F8832928}.Debug|Any CPU.ActiveCfg = Debug|Any CPU
		{181FC8B7-D582-4EBB-B4B7-1041F8832928}.Debug|Any CPU.Build.0 = Debug|Any CPU
		{181FC8B7-D582-4EBB-B4B7-1041F8832928}.Release|Any CPU.ActiveCfg = Release|Any CPU
		{181FC8B7-D582-4EBB-B4B7-1041F8832928}.Release|Any CPU.Build.0 = Release|Any CPU
	EndGlobalSection
	GlobalSection(SolutionProperties) = preSolution
		HideSolutionNode = FALSE
	EndGlobalSection
	GlobalSection(ExtensibilityGlobals) = postSolution
		SolutionGuid = {3D8B7EB3-794A-45BC-8B04-29A5F652E554}
	EndGlobalSection
EndGlobal
